// !$*UTF8*$!
{
	archiveVersion = 1;
	classes = {
	};
	objectVersion = 50;
	objects = {

/* Begin PBXBuildFile section */
		4EFFF28D225B122B00A601C7 /* AppDelegate.swift in Sources */ = {isa = PBXBuildFile; fileRef = 4EFFF28C225B122B00A601C7 /* AppDelegate.swift */; };
		4EFFF28F225B122B00A601C7 /* ViewController.swift in Sources */ = {isa = PBXBuildFile; fileRef = 4EFFF28E225B122B00A601C7 /* ViewController.swift */; };
		4EFFF292225B122B00A601C7 /* Main.storyboard in Resources */ = {isa = PBXBuildFile; fileRef = 4EFFF290225B122B00A601C7 /* Main.storyboard */; };
		4EFFF295225B122B00A601C7 /* Custom_InputForm.xcdatamodeld in Sources */ = {isa = PBXBuildFile; fileRef = 4EFFF293225B122B00A601C7 /* Custom_InputForm.xcdatamodeld */; };
		4EFFF297225B122C00A601C7 /* Assets.xcassets in Resources */ = {isa = PBXBuildFile; fileRef = 4EFFF296225B122C00A601C7 /* Assets.xcassets */; };
		4EFFF29A225B122C00A601C7 /* LaunchScreen.storyboard in Resources */ = {isa = PBXBuildFile; fileRef = 4EFFF298225B122C00A601C7 /* LaunchScreen.storyboard */; };
		4EFFF2A2225B385800A601C7 /* ReadViewController.swift in Sources */ = {isa = PBXBuildFile; fileRef = 4EFFF2A1225B385800A601C7 /* ReadViewController.swift */; };
/* End PBXBuildFile section */

/* Begin PBXFileReference section */
		4EFFF289225B122B00A601C7 /* Custom-InputForm.app */ = {isa = PBXFileReference; explicitFileType = wrapper.application; includeInIndex = 0; path = "Custom-InputForm.app"; sourceTree = BUILT_PRODUCTS_DIR; };
		4EFFF28C225B122B00A601C7 /* AppDelegate.swift */ = {isa = PBXFileReference; lastKnownFileType = sourcecode.swift; path = AppDelegate.swift; sourceTree = "<group>"; };
		4EFFF28E225B122B00A601C7 /* ViewController.swift */ = {isa = PBXFileReference; lastKnownFileType = sourcecode.swift; path = ViewController.swift; sourceTree = "<group>"; };
		4EFFF291225B122B00A601C7 /* Base */ = {isa = PBXFileReference; lastKnownFileType = file.storyboard; name = Base; path = Base.lproj/Main.storyboard; sourceTree = "<group>"; };
		4EFFF294225B122B00A601C7 /* Custom_InputForm.xcdatamodel */ = {isa = PBXFileReference; lastKnownFileType = wrapper.xcdatamodel; path = Custom_InputForm.xcdatamodel; sourceTree = "<group>"; };
		4EFFF296225B122C00A601C7 /* Assets.xcassets */ = {isa = PBXFileReference; lastKnownFileType = folder.assetcatalog; path = Assets.xcassets; sourceTree = "<group>"; };
		4EFFF299225B122C00A601C7 /* Base */ = {isa = PBXFileReference; lastKnownFileType = file.storyboard; name = Base; path = Base.lproj/LaunchScreen.storyboard; sourceTree = "<group>"; };
		4EFFF29B225B122C00A601C7 /* Info.plist */ = {isa = PBXFileReference; lastKnownFileType = text.plist.xml; path = Info.plist; sourceTree = "<group>"; };
		4EFFF2A1225B385800A601C7 /* ReadViewController.swift */ = {isa = PBXFileReference; lastKnownFileType = sourcecode.swift; path = ReadViewController.swift; sourceTree = "<group>"; };
/* End PBXFileReference section */

/* Begin PBXFrameworksBuildPhase section */
		4EFFF286225B122B00A601C7 /* Frameworks */ = {
			isa = PBXFrameworksBuildPhase;
			buildActionMask = 2147483647;
			files = (
			);
			runOnlyForDeploymentPostprocessing = 0;
		};
/* End PBXFrameworksBuildPhase section */

/* Begin PBXGroup section */
		4EFFF280225B122B00A601C7 = {
			isa = PBXGroup;
			children = (
				4EFFF28B225B122B00A601C7 /* Custom-InputForm */,
				4EFFF28A225B122B00A601C7 /* Products */,
			);
			sourceTree = "<group>";
		};
		4EFFF28A225B122B00A601C7 /* Products */ = {
			isa = PBXGroup;
			children = (
				4EFFF289225B122B00A601C7 /* Custom-InputForm.app */,
			);
			name = Products;
			sourceTree = "<group>";
		};
		4EFFF28B225B122B00A601C7 /* Custom-InputForm */ = {
			isa = PBXGroup;
			children = (
				4EFFF28C225B122B00A601C7 /* AppDelegate.swift */,
				4EFFF28E225B122B00A601C7 /* ViewController.swift */,
				4EFFF2A1225B385800A601C7 /* ReadViewController.swift */,
				4EFFF290225B122B00A601C7 /* Main.storyboard */,
				4EFFF296225B122C00A601C7 /* Assets.xcassets */,
				4EFFF298225B122C00A601C7 /* LaunchScreen.storyboard */,
				4EFFF29B225B122C00A601C7 /* Info.plist */,
				4EFFF293225B122B00A601C7 /* Custom_InputForm.xcdatamodeld */,
			);
			path = "Custom-InputForm";
			sourceTree = "<group>";
		};
/* End PBXGroup section */

/* Begin PBXNativeTarget section */
		4EFFF288225B122B00A601C7 /* Custom-InputForm */ = {
			isa = PBXNativeTarget;
			buildConfigurationList = 4EFFF29E225B122C00A601C7 /* Build configuration list for PBXNativeTarget "Custom-InputForm" */;
			buildPhases = (
				4EFFF285225B122B00A601C7 /* Sources */,
				4EFFF286225B122B00A601C7 /* Frameworks */,
				4EFFF287225B122B00A601C7 /* Resources */,
			);
			buildRules = (
			);
			dependencies = (
			);
			name = "Custom-InputForm";
			productName = "Custom-InputForm";
			productReference = 4EFFF289225B122B00A601C7 /* Custom-InputForm.app */;
			productType = "com.apple.product-type.application";
		};
/* End PBXNativeTarget section */

/* Begin PBXProject section */
		4EFFF281225B122B00A601C7 /* Project object */ = {
			isa = PBXProject;
			attributes = {
				LastSwiftUpdateCheck = 1020;
				LastUpgradeCheck = 1020;
				ORGANIZATIONNAME = "윤성호";
				TargetAttributes = {
					4EFFF288225B122B00A601C7 = {
						CreatedOnToolsVersion = 10.2;
					};
				};
			};
			buildConfigurationList = 4EFFF284225B122B00A601C7 /* Build configuration list for PBXProject "Custom-InputForm" */;
			compatibilityVersion = "Xcode 9.3";
			developmentRegion = en;
			hasScannedForEncodings = 0;
			knownRegions = (
				en,
				Base,
			);
			mainGroup = 4EFFF280225B122B00A601C7;
			productRefGroup = 4EFFF28A225B122B00A601C7 /* Products */;
			projectDirPath = "";
			projectRoot = "";
			targets = (
				4EFFF288225B122B00A601C7 /* Custom-InputForm */,
			);
		};
/* End PBXProject section */

/* Begin PBXResourcesBuildPhase section */
		4EFFF287225B122B00A601C7 /* Resources */ = {
			isa = PBXResourcesBuildPhase;
			buildActionMask = 2147483647;
			files = (
				4EFFF29A225B122C00A601C7 /* LaunchScreen.storyboard in Resources */,
				4EFFF297225B122C00A601C7 /* Assets.xcassets in Resources */,
				4EFFF292225B122B00A601C7 /* Main.storyboard in Resources */,
			);
			runOnlyForDeploymentPostprocessing = 0;
		};
/* End PBXResourcesBuildPhase section */

/* Begin PBXSourcesBuildPhase section */
		4EFFF285225B122B00A601C7 /* Sources */ = {
			isa = PBXSourcesBuildPhase;
			buildActionMask = 2147483647;
			files = (
				4EFFF28F225B122B00A601C7 /* ViewController.swift in Sources */,
				4EFFF295225B122B00A601C7 /* Custom_InputForm.xcdatamodeld in Sources */,
				4EFFF2A2225B385800A601C7 /* ReadViewController.swift in Sources */,
				4EFFF28D225B122B00A601C7 /* AppDelegate.swift in Sources */,
			);
			runOnlyForDeploymentPostprocessing = 0;
		};
/* End PBXSourcesBuildPhase section */

/* Begin PBXVariantGroup section */
		4EFFF290225B122B00A601C7 /* Main.storyboard */ = {
			isa = PBXVariantGroup;
			children = (
				4EFFF291225B122B00A601C7 /* Base */,
			);
			name = Main.storyboard;
			sourceTree = "<group>";
		};
		4EFFF298225B122C00A601C7 /* LaunchScreen.storyboard */ = {
			isa = PBXVariantGroup;
			children = (
				4EFFF299225B122C00A601C7 /* Base */,
			);
			name = LaunchScreen.storyboard;
			sourceTree = "<group>";
		};
/* End PBXVariantGroup section */

/* Begin XCBuildConfiguration section */
		4EFFF29C225B122C00A601C7 /* Debug */ = {
			isa = XCBuildConfiguration;
			buildSettings = {
				ALWAYS_SEARCH_USER_PATHS = NO;
				CLANG_ANALYZER_NONNULL = YES;
				CLANG_ANALYZER_NUMBER_OBJECT_CONVERSION = YES_AGGRESSIVE;
				CLANG_CXX_LANGUAGE_STANDARD = "gnu++14";
				CLANG_CXX_LIBRARY = "libc++";
				CLANG_ENABLE_MODULES = YES;
				CLANG_ENABLE_OBJC_ARC = YES;
				CLANG_ENABLE_OBJC_WEAK = YES;
				CLANG_WARN_BLOCK_CAPTURE_AUTORELEASING = YES;
				CLANG_WARN_BOOL_CONVERSION = YES;
				CLANG_WARN_COMMA = YES;
				CLANG_WARN_CONSTANT_CONVERSION = YES;
				CLANG_WARN_DEPRECATED_OBJC_IMPLEMENTATIONS = YES;
				CLANG_WARN_DIRECT_OBJC_ISA_USAGE = YES_ERROR;
				CLANG_WARN_DOCUMENTATION_COMMENTS = YES;
				CLANG_WARN_EMPTY_BODY = YES;
				CLANG_WARN_ENUM_CONVERSION = YES;
				CLANG_WARN_INFINITE_RECURSION = YES;
				CLANG_WARN_INT_CONVERSION = YES;
				CLANG_WARN_NON_LITERAL_NULL_CONVERSION = YES;
				CLANG_WARN_OBJC_IMPLICIT_RETAIN_SELF = YES;
				CLANG_WARN_OBJC_LITERAL_CONVERSION = YES;
				CLANG_WARN_OBJC_ROOT_CLASS = YES_ERROR;
				CLANG_WARN_RANGE_LOOP_ANALYSIS = YES;
				CLANG_WARN_STRICT_PROTOTYPES = YES;
				CLANG_WARN_SUSPICIOUS_MOVE = YES;
				CLANG_WARN_UNGUARDED_AVAILABILITY = YES_AGGRESSIVE;
				CLANG_WARN_UNREACHABLE_CODE = YES;
				CLANG_WARN__DUPLICATE_METHOD_MATCH = YES;
				CODE_SIGN_IDENTITY = "iPhone Developer";
				COPY_PHASE_STRIP = NO;
				DEBUG_INFORMATION_FORMAT = dwarf;
				ENABLE_STRICT_OBJC_MSGSEND = YES;
				ENABLE_TESTABILITY = YES;
				GCC_C_LANGUAGE_STANDARD = gnu11;
				GCC_DYNAMIC_NO_PIC = NO;
				GCC_NO_COMMON_BLOCKS = YES;
				GCC_OPTIMIZATION_LEVEL = 0;
				GCC_PREPROCESSOR_DEFINITIONS = (
					"DEBUG=1",
					"$(inherited)",
				);
				GCC_WARN_64_TO_32_BIT_CONVERSION = YES;
				GCC_WARN_ABOUT_RETURN_TYPE = YES_ERROR;
				GCC_WARN_UNDECLARED_SELECTOR = YES;
				GCC_WARN_UNINITIALIZED_AUTOS = YES_AGGRESSIVE;
				GCC_WARN_UNUSED_FUNCTION = YES;
				GCC_WARN_UNUSED_VARIABLE = YES;
				IPHONEOS_DEPLOYMENT_TARGET = 12.2;
				MTL_ENABLE_DEBUG_INFO = INCLUDE_SOURCE;
				MTL_FAST_MATH = YES;
				ONLY_ACTIVE_ARCH = YES;
				SDKROOT = iphoneos;
				SWIFT_ACTIVE_COMPILATION_CONDITIONS = DEBUG;
				SWIFT_OPTIMIZATION_LEVEL = "-Onone";
			};
			name = Debug;
		};
		4EFFF29D225B122C00A601C7 /* Release */ = {
			isa = XCBuildConfiguration;
			buildSettings = {
				ALWAYS_SEARCH_USER_PATHS = NO;
				CLANG_ANALYZER_NONNULL = YES;
				CLANG_ANALYZER_NUMBER_OBJECT_CONVERSION = YES_AGGRESSIVE;
				CLANG_CXX_LANGUAGE_STANDARD = "gnu++14";
				CLANG_CXX_LIBRARY = "libc++";
				CLANG_ENABLE_MODULES = YES;
				CLANG_ENABLE_OBJC_ARC = YES;
				CLANG_ENABLE_OBJC_WEAK = YES;
				CLANG_WARN_BLOCK_CAPTURE_AUTORELEASING = YES;
				CLANG_WARN_BOOL_CONVERSION = YES;
				CLANG_WARN_COMMA = YES;
				CLANG_WARN_CONSTANT_CONVERSION = YES;
				CLANG_WARN_DEPRECATED_OBJC_IMPLEMENTATIONS = YES;
				CLANG_WARN_DIRECT_OBJC_ISA_USAGE = YES_ERROR;
				CLANG_WARN_DOCUMENTATION_COMMENTS = YES;
				CLANG_WARN_EMPTY_BODY = YES;
				CLANG_WARN_ENUM_CONVERSION = YES;
				CLANG_WARN_INFINITE_RECURSION = YES;
				CLANG_WARN_INT_CONVERSION = YES;
				CLANG_WARN_NON_LITERAL_NULL_CONVERSION = YES;
				CLANG_WARN_OBJC_IMPLICIT_RETAIN_SELF = YES;
				CLANG_WARN_OBJC_LITERAL_CONVERSION = YES;
				CLANG_WARN_OBJC_ROOT_CLASS = YES_ERROR;
				CLANG_WARN_RANGE_LOOP_ANALYSIS = YES;
				CLANG_WARN_STRICT_PROTOTYPES = YES;
				CLANG_WARN_SUSPICIOUS_MOVE = YES;
				CLANG_WARN_UNGUARDED_AVAILABILITY = YES_AGGRESSIVE;
				CLANG_WARN_UNREACHABLE_CODE = YES;
				CLANG_WARN__DUPLICATE_METHOD_MATCH = YES;
				CODE_SIGN_IDENTITY = "iPhone Developer";
				COPY_PHASE_STRIP = NO;
				DEBUG_INFORMATION_FORMAT = "dwarf-with-dsym";
				ENABLE_NS_ASSERTIONS = NO;
				ENABLE_STRICT_OBJC_MSGSEND = YES;
				GCC_C_LANGUAGE_STANDARD = gnu11;
				GCC_NO_COMMON_BLOCKS = YES;
				GCC_WARN_64_TO_32_BIT_CONVERSION = YES;
				GCC_WARN_ABOUT_RETURN_TYPE = YES_ERROR;
				GCC_WARN_UNDECLARED_SELECTOR = YES;
				GCC_WARN_UNINITIALIZED_AUTOS = YES_AGGRESSIVE;
				GCC_WARN_UNUSED_FUNCTION = YES;
				GCC_WARN_UNUSED_VARIABLE = YES;
				IPHONEOS_DEPLOYMENT_TARGET = 12.2;
				MTL_ENABLE_DEBUG_INFO = NO;
				MTL_FAST_MATH = YES;
				SDKROOT = iphoneos;
				SWIFT_COMPILATION_MODE = wholemodule;
				SWIFT_OPTIMIZATION_LEVEL = "-O";
				VALIDATE_PRODUCT = YES;
			};
			name = Release;
		};
		4EFFF29F225B122C00A601C7 /* Debug */ = {
			isa = XCBuildConfiguration;
			buildSettings = {
				ASSETCATALOG_COMPILER_APPICON_NAME = AppIcon;
				CODE_SIGN_STYLE = Automatic;
				INFOPLIST_FILE = "Custom-InputForm/Info.plist";
				LD_RUNPATH_SEARCH_PATHS = (
					"$(inherited)",
					"@executable_path/Frameworks",
				);
				PRODUCT_BUNDLE_IDENTIFIER = "com.seongho.Custom-InputForm";
				PRODUCT_NAME = "$(TARGET_NAME)";
				SWIFT_VERSION = 5.0;
				TARGETED_DEVICE_FAMILY = 1;
			};
			name = Debug;
		};
		4EFFF2A0225B122C00A601C7 /* Release */ = {
			isa = XCBuildConfiguration;
			buildSettings = {
				ASSETCATALOG_COMPILER_APPICON_NAME = AppIcon;
				CODE_SIGN_STYLE = Automatic;
				INFOPLIST_FILE = "Custom-InputForm/Info.plist";
				LD_RUNPATH_SEARCH_PATHS = (
					"$(inherited)",
					"@executable_path/Frameworks",
				);
				PRODUCT_BUNDLE_IDENTIFIER = "com.seongho.Custom-InputForm";
				PRODUCT_NAME = "$(TARGET_NAME)";
				SWIFT_VERSION = 5.0;
				TARGETED_DEVICE_FAMILY = 1;
			};
			name = Release;
		};
/* End XCBuildConfiguration section */

/* Begin XCConfigurationList section */
		4EFFF284225B122B00A601C7 /* Build configuration list for PBXProject "Custom-InputForm" */ = {
			isa = XCConfigurationList;
			buildConfigurations = (
				4EFFF29C225B122C00A601C7 /* Debug */,
				4EFFF29D225B122C00A601C7 /* Release */,
			);
			defaultConfigurationIsVisible = 0;
			defaultConfigurationName = Release;
		};
		4EFFF29E225B122C00A601C7 /* Build configuration list for PBXNativeTarget "Custom-InputForm" */ = {
			isa = XCConfigurationList;
			buildConfigurations = (
				4EFFF29F225B122C00A601C7 /* Debug */,
				4EFFF2A0225B122C00A601C7 /* Release */,
			);
			defaultConfigurationIsVisible = 0;
			defaultConfigurationName = Release;
		};
/* End XCConfigurationList section */

/* Begin XCVersionGroup section */
		4EFFF293225B122B00A601C7 /* Custom_InputForm.xcdatamodeld */ = {
			isa = XCVersionGroup;
			children = (
				4EFFF294225B122B00A601C7 /* Custom_InputForm.xcdatamodel */,
			);
			currentVersion = 4EFFF294225B122B00A601C7 /* Custom_InputForm.xcdatamodel */;
			path = Custom_InputForm.xcdatamodeld;
			sourceTree = "<group>";
			versionGroupType = wrapper.xcdatamodel;
		};
/* End XCVersionGroup section */
	};
	rootObject = 4EFFF281225B122B00A601C7 /* Project object */;
}
